
Microsoft Visual Studio Solution File, Format Version 12.00
# Visual Studio Version 17
VisualStudioVersion = 17.5.33516.290
MinimumVisualStudioVersion = 10.0.40219.1
Project("{9A19103F-16F7-4668-BE54-9A1E7A4F7556}") = "TicketHive.Server", "TicketHive\Server\TicketHive.Server.csproj", "{9190E24E-0031-4135-9F27-1D6D4F46830A}"
EndProject
Project("{9A19103F-16F7-4668-BE54-9A1E7A4F7556}") = "TicketHive.Client", "TicketHive\Client\TicketHive.Client.csproj", "{022A179D-6459-45D5-823A-69CBE076D1AC}"
EndProject
Project("{9A19103F-16F7-4668-BE54-9A1E7A4F7556}") = "TicketHive.Shared", "TicketHive\Shared\TicketHive.Shared.csproj", "{213847B1-7AE1-4A55-BA3C-FDB4CFFEAB8F}"
EndProject
Global
	GlobalSection(SolutionConfigurationPlatforms) = preSolution
		Debug|Any CPU = Debug|Any CPU
		Release|Any CPU = Release|Any CPU
	EndGlobalSection
	GlobalSection(ProjectConfigurationPlatforms) = postSolution
		{9190E24E-0031-4135-9F27-1D6D4F46830A}.Debug|Any CPU.ActiveCfg = Debug|Any CPU
		{9190E24E-0031-4135-9F27-1D6D4F46830A}.Debug|Any CPU.Build.0 = Debug|Any CPU
		{9190E24E-0031-4135-9F27-1D6D4F46830A}.Release|Any CPU.ActiveCfg = Release|Any CPU
		{9190E24E-0031-4135-9F27-1D6D4F46830A}.Release|Any CPU.Build.0 = Release|Any CPU
		{022A179D-6459-45D5-823A-69CBE076D1AC}.Debug|Any CPU.ActiveCfg = Debug|Any CPU
		{022A179D-6459-45D5-823A-69CBE076D1AC}.Debug|Any CPU.Build.0 = Debug|Any CPU
		{022A179D-6459-45D5-823A-69CBE076D1AC}.Release|Any CPU.ActiveCfg = Release|Any CPU
		{022A179D-6459-45D5-823A-69CBE076D1AC}.Release|Any CPU.Build.0 = Release|Any CPU
		{213847B1-7AE1-4A55-BA3C-FDB4CFFEAB8F}.Debug|Any CPU.ActiveCfg = Debug|Any CPU
		{213847B1-7AE1-4A55-BA3C-FDB4CFFEAB8F}.Debug|Any CPU.Build.0 = Debug|Any CPU
		{213847B1-7AE1-4A55-BA3C-FDB4CFFEAB8F}.Release|Any CPU.ActiveCfg = Release|Any CPU
		{213847B1-7AE1-4A55-BA3C-FDB4CFFEAB8F}.Release|Any CPU.Build.0 = Release|Any CPU
	EndGlobalSection
	GlobalSection(SolutionProperties) = preSolution
		HideSolutionNode = FALSE
	EndGlobalSection
	GlobalSection(ExtensibilityGlobals) = postSolution
		SolutionGuid = {0D440E68-6625-4C97-A3C6-1D101F2674AA}
	EndGlobalSection
EndGlobal
